<?xml version="1.0" encoding="utf-8"?>
<Project ToolsVersion="4.0" xmlns="http://schemas.microsoft.com/developer/msbuild/2003">
  <ItemGroup>
    <Filter Include="Components">
      <UniqueIdentifier>{cc41e73f-054d-4aa4-bb87-4d1dc7791ba9}</UniqueIdentifier>
    </Filter>
    <Filter Include="ImGUI">
      <UniqueIdentifier>{cb7fc1df-1fa7-4340-987c-e6657afbbd13}</UniqueIdentifier>
    </Filter>
    <Filter Include="Input">
      <UniqueIdentifier>{c93111a4-c0b3-4e7d-9616-a96baacea8e1}</UniqueIdentifier>
    </Filter>
    <Filter Include="Scenegraph">
      <UniqueIdentifier>{31d32a62-d8c0-4251-b077-5dc425e5a55c}</UniqueIdentifier>
    </Filter>
    <Filter Include="Resources">
      <UniqueIdentifier>{e2a60a32-42c8-41db-a661-de67fe2868ed}</UniqueIdentifier>
    </Filter>
    <Filter Include="Interfaces">
      <UniqueIdentifier>{62b310e4-1ff5-4edb-8225-dc9482d8a98c}</UniqueIdentifier>
    </Filter>
    <Filter Include="Renderer">
      <UniqueIdentifier>{27e14b4d-7385-436d-8c88-9419730d58a2}</UniqueIdentifier>
    </Filter>
    <Filter Include="Other Managers">
      <UniqueIdentifier>{322b1234-0ac4-4f66-a93f-8041a643d13c}</UniqueIdentifier>
    </Filter>
    <Filter Include="SoundSystems">
      <UniqueIdentifier>{f2023cc4-aa4a-4c73-8cba-d5b5112a95cb}</UniqueIdentifier>
    </Filter>
  </ItemGroup>
  <ItemGroup>
    <ClInclude Include="BaseComponent.h">
      <Filter>Components</Filter>
    </ClInclude>
    <ClInclude Include="FPSCounterComponent.h">
      <Filter>Components</Filter>
    </ClInclude>
    <ClInclude Include="ParentingTestComponent.h">
      <Filter>Components</Filter>
    </ClInclude>
    <ClInclude Include="RenderComponent.h">
      <Filter>Components</Filter>
    </ClInclude>
    <ClInclude Include="TextComponent.h">
      <Filter>Components</Filter>
    </ClInclude>
    <ClInclude Include="imconfig.h">
      <Filter>ImGUI</Filter>
    </ClInclude>
    <ClInclude Include="imgui.h">
      <Filter>ImGUI</Filter>
    </ClInclude>
    <ClInclude Include="imgui_impl_opengl2.h">
      <Filter>ImGUI</Filter>
    </ClInclude>
    <ClInclude Include="imgui_impl_sdl2.h">
      <Filter>ImGUI</Filter>
    </ClInclude>
    <ClInclude Include="imgui_internal.h">
      <Filter>ImGUI</Filter>
    </ClInclude>
    <ClInclude Include="imstb_rectpack.h">
      <Filter>ImGUI</Filter>
    </ClInclude>
    <ClInclude Include="imstb_textedit.h">
      <Filter>ImGUI</Filter>
    </ClInclude>
    <ClInclude Include="imstb_truetype.h">
      <Filter>ImGUI</Filter>
    </ClInclude>
    <ClInclude Include="InputManager.h">
      <Filter>Input</Filter>
    </ClInclude>
    <ClInclude Include="Keyboard.h">
      <Filter>Input</Filter>
    </ClInclude>
    <ClInclude Include="GameObject.h">
      <Filter>Scenegraph</Filter>
    </ClInclude>
    <ClInclude Include="Scene.h">
      <Filter>Scenegraph</Filter>
    </ClInclude>
    <ClInclude Include="SceneManager.h">
      <Filter>Scenegraph</Filter>
    </ClInclude>
    <ClInclude Include="Controller.h">
      <Filter>Input</Filter>
    </ClInclude>
    <ClInclude Include="Font.h">
      <Filter>Resources</Filter>
    </ClInclude>
    <ClInclude Include="Texture2D.h">
      <Filter>Resources</Filter>
    </ClInclude>
    <ClInclude Include="ResourceManager.h">
      <Filter>Resources</Filter>
    </ClInclude>
    <ClInclude Include="Minigin.h" />
    <ClInclude Include="Transform.h">
      <Filter>Scenegraph</Filter>
    </ClInclude>
    <ClInclude Include="Observer.h">
      <Filter>Interfaces</Filter>
    </ClInclude>
    <ClInclude Include="Subject.h">
      <Filter>Interfaces</Filter>
    </ClInclude>
    <ClInclude Include="Singleton.h">
      <Filter>Interfaces</Filter>
    </ClInclude>
    <ClInclude Include="Renderer.h">
      <Filter>Renderer</Filter>
    </ClInclude>
    <ClInclude Include="TimeManager.h">
      <Filter>Other Managers</Filter>
    </ClInclude>
    <ClInclude Include="SoundSystem.h">
      <Filter>SoundSystems</Filter>
    </ClInclude>
    <ClInclude Include="AudioClip.h">
      <Filter>SoundSystems</Filter>
    </ClInclude>
    <ClInclude Include="Command.h">
      <Filter>Input</Filter>
    </ClInclude>
  </ItemGroup>
  <ItemGroup>
    <ClCompile Include="BaseComponent.cpp">
      <Filter>Components</Filter>
    </ClCompile>
    <ClCompile Include="FPSCounterComponent.cpp">
      <Filter>Components</Filter>
    </ClCompile>
    <ClCompile Include="ParentingTestComponent.cpp">
      <Filter>Components</Filter>
    </ClCompile>
    <ClCompile Include="RenderComponent.cpp">
      <Filter>Components</Filter>
    </ClCompile>
    <ClCompile Include="TextComponent.cpp">
      <Filter>Components</Filter>
    </ClCompile>
    <ClCompile Include="imgui.cpp">
      <Filter>ImGUI</Filter>
    </ClCompile>
    <ClCompile Include="imgui_demo.cpp">
      <Filter>ImGUI</Filter>
    </ClCompile>
    <ClCompile Include="imgui_draw.cpp">
      <Filter>ImGUI</Filter>
    </ClCompile>
    <ClCompile Include="imgui_impl_opengl2.cpp">
      <Filter>ImGUI</Filter>
    </ClCompile>
    <ClCompile Include="imgui_impl_sdl2.cpp">
      <Filter>ImGUI</Filter>
    </ClCompile>
    <ClCompile Include="imgui_tables.cpp">
      <Filter>ImGUI</Filter>
    </ClCompile>
    <ClCompile Include="imgui_widgets.cpp">
      <Filter>ImGUI</Filter>
    </ClCompile>
    <ClCompile Include="InputManager.cpp">
      <Filter>Input</Filter>
    </ClCompile>
    <ClCompile Include="Keyboard.cpp">
      <Filter>Input</Filter>
    </ClCompile>
    <ClCompile Include="GameObject.cpp">
      <Filter>Scenegraph</Filter>
    </ClCompile>
    <ClCompile Include="Scene.cpp">
      <Filter>Scenegraph</Filter>
    </ClCompile>
    <ClCompile Include="SceneManager.cpp">
      <Filter>Scenegraph</Filter>
    </ClCompile>
    <ClCompile Include="ResourceManager.cpp">
      <Filter>Resources</Filter>
    </ClCompile>
    <ClCompile Include="Texture2D.cpp">
      <Filter>Resources</Filter>
    </ClCompile>
    <ClCompile Include="Font.cpp">
      <Filter>Resources</Filter>
    </ClCompile>
    <ClCompile Include="Controller.cpp">
      <Filter>Input</Filter>
    </ClCompile>
    <ClCompile Include="Minigin.cpp" />
    <ClCompile Include="Transform.cpp">
      <Filter>Scenegraph</Filter>
    </ClCompile>
    <ClCompile Include="Subject.cpp">
      <Filter>Interfaces</Filter>
    </ClCompile>
    <ClCompile Include="Renderer.cpp">
      <Filter>Renderer</Filter>
    </ClCompile>
    <ClCompile Include="TimeManager.cpp">
      <Filter>Other Managers</Filter>
    </ClCompile>
    <ClCompile Include="SoundSystem.cpp">
      <Filter>SoundSystems</Filter>
    </ClCompile>
    <ClCompile Include="AudioClip.cpp">
      <Filter>SoundSystems</Filter>
    </ClCompile>
  </ItemGroup>
</Project>